
Microsoft Visual Studio Solution File, Format Version 12.00
# Visual Studio Version 17
VisualStudioVersion = 17.1.32328.378
MinimumVisualStudioVersion = 10.0.40219.1
Project("{FAE04EC0-301F-11D3-BF4B-00C04F79EFBC}") = "Mod10_1302204043", "Mod10_1302204043\Mod10_1302204043.csproj", "{DCF4F9BF-F193-43FF-A020-4B3165094F9F}"
EndProject
Global
	GlobalSection(SolutionConfigurationPlatforms) = preSolution
		Debug|Any CPU = Debug|Any CPU
		Release|Any CPU = Release|Any CPU
	EndGlobalSection
	GlobalSection(ProjectConfigurationPlatforms) = postSolution
		{DCF4F9BF-F193-43FF-A020-4B3165094F9F}.Debug|Any CPU.ActiveCfg = Debug|Any CPU
		{DCF4F9BF-F193-43FF-A020-4B3165094F9F}.Debug|Any CPU.Build.0 = Debug|Any CPU
		{DCF4F9BF-F193-43FF-A020-4B3165094F9F}.Release|Any CPU.ActiveCfg = Release|Any CPU
		{DCF4F9BF-F193-43FF-A020-4B3165094F9F}.Release|Any CPU.Build.0 = Release|Any CPU
	EndGlobalSection
	GlobalSection(SolutionProperties) = preSolution
		HideSolutionNode = FALSE
	EndGlobalSection
	GlobalSection(ExtensibilityGlobals) = postSolution
		SolutionGuid = {2563DBF6-B9D0-4BB8-9A6D-8117331B5608}
	EndGlobalSection
EndGlobal
